{
  "name": "ais-sender",
  "version": "1.0.0",
  "lockfileVersion": 2,
  "requires": true,
  "packages": {
    "": {
      "name": "ais-sender",
      "version": "1.0.0",
      "license": "ISC",
      "dependencies": {
        "ais-stream-decoder": "^2.1.2",
        "cmd430-utils": "github:cmd430/cmd430-utils"
      }
    },
    "node_modules/ais-stream-decoder": {
      "version": "2.1.2",
      "resolved": "https://registry.npmjs.org/ais-stream-decoder/-/ais-stream-decoder-2.1.2.tgz",
      "integrity": "sha512-kS0WZ2eDDkNj94ci9ysO27bPOKtdyQjeHyMvxtoosw1qxWV2QuTcEj9vCzfusEcXIHAn9IaOBxwxVw9gAOnb0Q=="
    },
    "node_modules/cmd430-utils": {
      "version": "2.0.3",
      "resolved": "git+ssh://git@github.com/cmd430/cmd430-utils.git#c0c7fbe4eddbc00c11f2b09ae3d4245373a91d23",
      "license": "ISC"
    }
  },
  "dependencies": {
    "ais-stream-decoder": {
      "version": "2.1.2",
      "resolved": "https://registry.npmjs.org/ais-stream-decoder/-/ais-stream-decoder-2.1.2.tgz",
      "integrity": "sha512-kS0WZ2eDDkNj94ci9ysO27bPOKtdyQjeHyMvxtoosw1qxWV2QuTcEj9vCzfusEcXIHAn9IaOBxwxVw9gAOnb0Q=="
    },
    "cmd430-utils": {
      "version": "git+ssh://git@github.com/cmd430/cmd430-utils.git#c0c7fbe4eddbc00c11f2b09ae3d4245373a91d23",
      "from": "cmd430-utils@github:cmd430/cmd430-utils"
    }
  }
}
